
Microsoft Visual Studio Solution File, Format Version 12.00
# Visual Studio 15
VisualStudioVersion = 15.0.26124.0
MinimumVisualStudioVersion = 15.0.26124.0
Project("{FAE04EC0-301F-11D3-BF4B-00C04F79EFBC}") = "Sirb.CepBrasil", "Sirb.CepBrasil\Sirb.CepBrasil.csproj", "{EB2EC6B6-C97B-44AE-9E73-0C40930C7275}"
EndProject
Project("{FAE04EC0-301F-11D3-BF4B-00C04F79EFBC}") = "Sirb.CepBrasilTest", "Sirb.CepBrasilTest\Sirb.CepBrasilTest.csproj", "{DFC694E1-02B0-482E-B15F-90140790758A}"
EndProject
Global
	GlobalSection(SolutionConfigurationPlatforms) = preSolution
		Debug|Any CPU = Debug|Any CPU
		Debug|x64 = Debug|x64
		Debug|x86 = Debug|x86
		Release|Any CPU = Release|Any CPU
		Release|x64 = Release|x64
		Release|x86 = Release|x86
	EndGlobalSection
	GlobalSection(SolutionProperties) = preSolution
		HideSolutionNode = FALSE
	EndGlobalSection
	GlobalSection(ProjectConfigurationPlatforms) = postSolution
		{EB2EC6B6-C97B-44AE-9E73-0C40930C7275}.Debug|Any CPU.ActiveCfg = Debug|Any CPU
		{EB2EC6B6-C97B-44AE-9E73-0C40930C7275}.Debug|Any CPU.Build.0 = Debug|Any CPU
		{EB2EC6B6-C97B-44AE-9E73-0C40930C7275}.Debug|x64.ActiveCfg = Debug|Any CPU
		{EB2EC6B6-C97B-44AE-9E73-0C40930C7275}.Debug|x64.Build.0 = Debug|Any CPU
		{EB2EC6B6-C97B-44AE-9E73-0C40930C7275}.Debug|x86.ActiveCfg = Debug|Any CPU
		{EB2EC6B6-C97B-44AE-9E73-0C40930C7275}.Debug|x86.Build.0 = Debug|Any CPU
		{EB2EC6B6-C97B-44AE-9E73-0C40930C7275}.Release|Any CPU.ActiveCfg = Release|Any CPU
		{EB2EC6B6-C97B-44AE-9E73-0C40930C7275}.Release|Any CPU.Build.0 = Release|Any CPU
		{EB2EC6B6-C97B-44AE-9E73-0C40930C7275}.Release|x64.ActiveCfg = Release|Any CPU
		{EB2EC6B6-C97B-44AE-9E73-0C40930C7275}.Release|x64.Build.0 = Release|Any CPU
		{EB2EC6B6-C97B-44AE-9E73-0C40930C7275}.Release|x86.ActiveCfg = Release|Any CPU
		{EB2EC6B6-C97B-44AE-9E73-0C40930C7275}.Release|x86.Build.0 = Release|Any CPU
		{DFC694E1-02B0-482E-B15F-90140790758A}.Debug|Any CPU.ActiveCfg = Debug|Any CPU
		{DFC694E1-02B0-482E-B15F-90140790758A}.Debug|Any CPU.Build.0 = Debug|Any CPU
		{DFC694E1-02B0-482E-B15F-90140790758A}.Debug|x64.ActiveCfg = Debug|Any CPU
		{DFC694E1-02B0-482E-B15F-90140790758A}.Debug|x64.Build.0 = Debug|Any CPU
		{DFC694E1-02B0-482E-B15F-90140790758A}.Debug|x86.ActiveCfg = Debug|Any CPU
		{DFC694E1-02B0-482E-B15F-90140790758A}.Debug|x86.Build.0 = Debug|Any CPU
		{DFC694E1-02B0-482E-B15F-90140790758A}.Release|Any CPU.ActiveCfg = Release|Any CPU
		{DFC694E1-02B0-482E-B15F-90140790758A}.Release|Any CPU.Build.0 = Release|Any CPU
		{DFC694E1-02B0-482E-B15F-90140790758A}.Release|x64.ActiveCfg = Release|Any CPU
		{DFC694E1-02B0-482E-B15F-90140790758A}.Release|x64.Build.0 = Release|Any CPU
		{DFC694E1-02B0-482E-B15F-90140790758A}.Release|x86.ActiveCfg = Release|Any CPU
		{DFC694E1-02B0-482E-B15F-90140790758A}.Release|x86.Build.0 = Release|Any CPU
	EndGlobalSection
EndGlobal
